
Microsoft Visual Studio Solution File, Format Version 12.00
# Visual Studio Version 17
VisualStudioVersion = 17.3.32922.545
MinimumVisualStudioVersion = 10.0.40219.1
Project("{8BC9CEB8-8B4A-11D0-8D11-00A0C91BC942}") = "serial_assistant", "serial_assistant\serial_assistant.vcxproj", "{B8B8125B-632D-48E6-ACDC-49651DEF24FA}"
EndProject
Global
	GlobalSection(SolutionConfigurationPlatforms) = preSolution
		Debug|x64 = Debug|x64
		Release|x64 = Release|x64
	EndGlobalSection
	GlobalSection(ProjectConfigurationPlatforms) = postSolution
		{B8B8125B-632D-48E6-ACDC-49651DEF24FA}.Debug|x64.ActiveCfg = Debug|x64
		{B8B8125B-632D-48E6-ACDC-49651DEF24FA}.Debug|x64.Build.0 = Debug|x64
		{B8B8125B-632D-48E6-ACDC-49651DEF24FA}.Release|x64.ActiveCfg = Release|x64
		{B8B8125B-632D-48E6-ACDC-49651DEF24FA}.Release|x64.Build.0 = Release|x64
	EndGlobalSection
	GlobalSection(SolutionProperties) = preSolution
		HideSolutionNode = FALSE
	EndGlobalSection
	GlobalSection(ExtensibilityGlobals) = postSolution
		SolutionGuid = {114618D6-F65E-4E9E-95FE-CFFEB0490408}
	EndGlobalSection
EndGlobal
